{
	"name": "strawbeescode",
	"version": "0.1.0",
	"lockfileVersion": 1,
	"requires": true,
	"dependencies": {
		"@strawbees/desktop-autoupdater": {
			"version": "git+https://github.com/strawbees/desktop-autoupdater.git#8226f08669493b147ffdcf8af190d74c87f875e9",
			"from": "git+https://github.com/strawbees/desktop-autoupdater.git#develop"
		}
	}
}
