{
	"name": "strawbeescode",
	"version": "2.5.4",
	"lockfileVersion": 1,
	"requires": true,
	"dependencies": {
		"@strawbees/code-compiler-service": {
			"version": "1.2.4",
			"resolved": "https://registry.npmjs.org/@strawbees/code-compiler-service/-/code-compiler-service-1.2.4.tgz",
			"integrity": "sha512-FaV/JO/V83vehCoMsAft9n3y3LBe8x2+pA/Mpeg3mc7QPWDKZP+NayCKJwLiD9PwGhbM7ubAddf1RS7sILB5mQ==",
			"requires": {
				"quirkbot-arduino-builder": "0.1.3",
				"quirkbot-arduino-hardware": "0.5.4",
				"quirkbot-arduino-library": "2.9.0",
				"quirkbot-avr-gcc": "2.0.4"
			}
		},
		"@strawbees/desktop-autoupdater": {
			"version": "0.1.1",
			"resolved": "https://registry.npmjs.org/@strawbees/desktop-autoupdater/-/desktop-autoupdater-0.1.1.tgz",
			"integrity": "sha512-6MkLEkGSlhuuF7VlpVXYWJnbjQYQYBRdlBj1QpjJS+v1kVVBA0P+WfcPABxS3nilTz4cnjij80f0xOfRmEwgbw=="
		},
		"quirkbot-arduino-builder": {
			"version": "0.1.3",
			"resolved": "https://registry.npmjs.org/quirkbot-arduino-builder/-/quirkbot-arduino-builder-0.1.3.tgz",
			"integrity": "sha512-1ktT/AwyzB/Ji+BcmvD65D+V9yXmyzNv1u0Ho5Xk+uXMoT7kYGCxE6JTfqMuM8f6vCk9VUz7tLoICGoGYo0E8w=="
		},
		"quirkbot-arduino-hardware": {
			"version": "0.5.4",
			"resolved": "https://registry.npmjs.org/quirkbot-arduino-hardware/-/quirkbot-arduino-hardware-0.5.4.tgz",
			"integrity": "sha512-S4RZeNJx8sJG0mKkdiQqhf84JpT+2T/Hk5wF8WRTrVsvWFFDeCHrugp70MvJ80mZ8D7BHSkkz9LzfVUWW66iyg=="
		},
		"quirkbot-arduino-library": {
			"version": "2.9.0",
			"resolved": "https://registry.npmjs.org/quirkbot-arduino-library/-/quirkbot-arduino-library-2.9.0.tgz",
			"integrity": "sha512-kMmxFpU+tsBqn/m/dZdVUYWkbIlqogObVKtyXtwxvl1r1s3YAEAT/Sdtdk/ROqKc5yO2BqUCMr0nRRMu8jZbRw=="
		},
		"quirkbot-avr-gcc": {
			"version": "2.0.4",
			"resolved": "https://registry.npmjs.org/quirkbot-avr-gcc/-/quirkbot-avr-gcc-2.0.4.tgz",
			"integrity": "sha512-vcmsCQRBuMA3GlgTRT695P6Q7NsibyQbS9DLUnteZ22x+5QW757FIKHEu/CKKglv2YH5N2wm6kW+4a8esIps+Q=="
		}
	}
}
