{
	"name": "strawbeescode",
	"version": "2.7.0",
	"lockfileVersion": 2,
	"requires": true,
	"packages": {
		"": {
			"name": "strawbeescode",
			"version": "2.6.5",
			"license": "MIT",
			"dependencies": {
				"@strawbees/code-compiler-service": "1.5.2",
				"@strawbees/desktop-autoupdater": "^0.1.1"
			}
		},
		"node_modules/@strawbees/code-compiler-service": {
			"version": "1.5.2",
			"resolved": "https://registry.npmjs.org/@strawbees/code-compiler-service/-/code-compiler-service-1.5.2.tgz",
			"integrity": "sha512-buz0Warwc6J/P7z19KoTs9FyAkuDbN8hF0JMhOmuPUKpFvf8y+WBPTa9zumZazfaaPCOq68mHHs7wINAu6tuHg==",
			"hasInstallScript": true,
			"dependencies": {
				"quirkbot-arduino-builder": "0.1.3",
				"quirkbot-arduino-hardware": "0.8.0",
				"quirkbot-arduino-library": "2.10.1",
				"quirkbot-avr-gcc": "2.0.4"
			}
		},
		"node_modules/@strawbees/desktop-autoupdater": {
			"version": "0.1.1",
			"resolved": "https://registry.npmjs.org/@strawbees/desktop-autoupdater/-/desktop-autoupdater-0.1.1.tgz",
			"integrity": "sha512-6MkLEkGSlhuuF7VlpVXYWJnbjQYQYBRdlBj1QpjJS+v1kVVBA0P+WfcPABxS3nilTz4cnjij80f0xOfRmEwgbw=="
		},
		"node_modules/quirkbot-arduino-builder": {
			"version": "0.1.3",
			"resolved": "https://registry.npmjs.org/quirkbot-arduino-builder/-/quirkbot-arduino-builder-0.1.3.tgz",
			"integrity": "sha512-1ktT/AwyzB/Ji+BcmvD65D+V9yXmyzNv1u0Ho5Xk+uXMoT7kYGCxE6JTfqMuM8f6vCk9VUz7tLoICGoGYo0E8w==",
			"hasInstallScript": true
		},
		"node_modules/quirkbot-arduino-hardware": {
			"version": "0.8.0",
			"resolved": "https://registry.npmjs.org/quirkbot-arduino-hardware/-/quirkbot-arduino-hardware-0.8.0.tgz",
			"integrity": "sha512-y7DWeD+kkHQDARJCvxIjHIQbpdNEmf1S4Y+aO5QAUpX4ylXPwzAeDfmwHQEDvuYszbT26HX/wkp67HXb09bRUg=="
		},
		"node_modules/quirkbot-arduino-library": {
			"version": "2.10.1",
			"resolved": "https://registry.npmjs.org/quirkbot-arduino-library/-/quirkbot-arduino-library-2.10.1.tgz",
			"integrity": "sha512-eJYsJ3sHVUd20fV1rT/bOO43Jmm1A2DfCikhMzs6Kq/99GP+Whk6ZDEppLdpw2VmNMLLA41jlMnURsmjOj1oKA=="
		},
		"node_modules/quirkbot-avr-gcc": {
			"version": "2.0.4",
			"resolved": "https://registry.npmjs.org/quirkbot-avr-gcc/-/quirkbot-avr-gcc-2.0.4.tgz",
			"integrity": "sha512-vcmsCQRBuMA3GlgTRT695P6Q7NsibyQbS9DLUnteZ22x+5QW757FIKHEu/CKKglv2YH5N2wm6kW+4a8esIps+Q==",
			"hasInstallScript": true
		}
	},
	"dependencies": {
		"@strawbees/code-compiler-service": {
			"version": "1.5.2",
			"resolved": "https://registry.npmjs.org/@strawbees/code-compiler-service/-/code-compiler-service-1.5.2.tgz",
			"integrity": "sha512-buz0Warwc6J/P7z19KoTs9FyAkuDbN8hF0JMhOmuPUKpFvf8y+WBPTa9zumZazfaaPCOq68mHHs7wINAu6tuHg==",
			"requires": {
				"quirkbot-arduino-builder": "0.1.3",
				"quirkbot-arduino-hardware": "0.8.0",
				"quirkbot-arduino-library": "2.10.1",
				"quirkbot-avr-gcc": "2.0.4"
			}
		},
		"@strawbees/desktop-autoupdater": {
			"version": "0.1.1",
			"resolved": "https://registry.npmjs.org/@strawbees/desktop-autoupdater/-/desktop-autoupdater-0.1.1.tgz",
			"integrity": "sha512-6MkLEkGSlhuuF7VlpVXYWJnbjQYQYBRdlBj1QpjJS+v1kVVBA0P+WfcPABxS3nilTz4cnjij80f0xOfRmEwgbw=="
		},
		"quirkbot-arduino-builder": {
			"version": "0.1.3",
			"resolved": "https://registry.npmjs.org/quirkbot-arduino-builder/-/quirkbot-arduino-builder-0.1.3.tgz",
			"integrity": "sha512-1ktT/AwyzB/Ji+BcmvD65D+V9yXmyzNv1u0Ho5Xk+uXMoT7kYGCxE6JTfqMuM8f6vCk9VUz7tLoICGoGYo0E8w=="
		},
		"quirkbot-arduino-hardware": {
			"version": "0.8.0",
			"resolved": "https://registry.npmjs.org/quirkbot-arduino-hardware/-/quirkbot-arduino-hardware-0.8.0.tgz",
			"integrity": "sha512-y7DWeD+kkHQDARJCvxIjHIQbpdNEmf1S4Y+aO5QAUpX4ylXPwzAeDfmwHQEDvuYszbT26HX/wkp67HXb09bRUg=="
		},
		"quirkbot-arduino-library": {
			"version": "2.10.1",
			"resolved": "https://registry.npmjs.org/quirkbot-arduino-library/-/quirkbot-arduino-library-2.10.1.tgz",
			"integrity": "sha512-eJYsJ3sHVUd20fV1rT/bOO43Jmm1A2DfCikhMzs6Kq/99GP+Whk6ZDEppLdpw2VmNMLLA41jlMnURsmjOj1oKA=="
		},
		"quirkbot-avr-gcc": {
			"version": "2.0.4",
			"resolved": "https://registry.npmjs.org/quirkbot-avr-gcc/-/quirkbot-avr-gcc-2.0.4.tgz",
			"integrity": "sha512-vcmsCQRBuMA3GlgTRT695P6Q7NsibyQbS9DLUnteZ22x+5QW757FIKHEu/CKKglv2YH5N2wm6kW+4a8esIps+Q=="
		}
	}
}
